{
  "name": "not-value",
  "version": "1.0.1",
  "lockfileVersion": 1,
  "requires": true,
  "dependencies": {
    "logical-not": {
      "version": "1.0.0",
      "resolved": "https://registry.npmjs.org/logical-not/-/logical-not-1.0.0.tgz",
      "integrity": "sha512-l3X5Sf25wwZkprKfrfJ2YjCcxkNnitMvuqoVPAFNz1xpAMG7B4CkdELK19hafcR8K9fcUs0K0LkzZ62U+xdHpA=="
    }
  }
}
